
Microsoft Visual Studio Solution File, Format Version 12.00
# Visual Studio Version 17
VisualStudioVersion = 17.4.33213.308
MinimumVisualStudioVersion = 10.0.40219.1
Project("{FAE04EC0-301F-11D3-BF4B-00C04F79EFBC}") = "JURNAL_MOD5_1302210068", "JURNAL_MOD5_1302210068.csproj", "{B2A528FC-3D1C-4483-BDFD-16FB35EC3DDB}"
EndProject
Global
	GlobalSection(SolutionConfigurationPlatforms) = preSolution
		Debug|Any CPU = Debug|Any CPU
		Release|Any CPU = Release|Any CPU
	EndGlobalSection
	GlobalSection(ProjectConfigurationPlatforms) = postSolution
		{B2A528FC-3D1C-4483-BDFD-16FB35EC3DDB}.Debug|Any CPU.ActiveCfg = Debug|Any CPU
		{B2A528FC-3D1C-4483-BDFD-16FB35EC3DDB}.Debug|Any CPU.Build.0 = Debug|Any CPU
		{B2A528FC-3D1C-4483-BDFD-16FB35EC3DDB}.Release|Any CPU.ActiveCfg = Release|Any CPU
		{B2A528FC-3D1C-4483-BDFD-16FB35EC3DDB}.Release|Any CPU.Build.0 = Release|Any CPU
	EndGlobalSection
	GlobalSection(SolutionProperties) = preSolution
		HideSolutionNode = FALSE
	EndGlobalSection
	GlobalSection(ExtensibilityGlobals) = postSolution
		SolutionGuid = {812866A6-0C43-4062-B07A-EDC8BAC1E285}
	EndGlobalSection
EndGlobal
